
Microsoft Visual Studio Solution File, Format Version 12.00
# Visual Studio Version 16
VisualStudioVersion = 16.0.30804.86
MinimumVisualStudioVersion = 10.0.40219.1
Project("{FAE04EC0-301F-11D3-BF4B-00C04F79EFBC}") = "MexcelU5", "MexcelU5\MexcelU5.csproj", "{BC0523B0-1392-41A6-82F5-077469EA8B29}"
EndProject
Global
	GlobalSection(SolutionConfigurationPlatforms) = preSolution
		Debug|Any CPU = Debug|Any CPU
		Release|Any CPU = Release|Any CPU
	EndGlobalSection
	GlobalSection(ProjectConfigurationPlatforms) = postSolution
		{BC0523B0-1392-41A6-82F5-077469EA8B29}.Debug|Any CPU.ActiveCfg = Debug|Any CPU
		{BC0523B0-1392-41A6-82F5-077469EA8B29}.Debug|Any CPU.Build.0 = Debug|Any CPU
		{BC0523B0-1392-41A6-82F5-077469EA8B29}.Release|Any CPU.ActiveCfg = Release|Any CPU
		{BC0523B0-1392-41A6-82F5-077469EA8B29}.Release|Any CPU.Build.0 = Release|Any CPU
	EndGlobalSection
	GlobalSection(SolutionProperties) = preSolution
		HideSolutionNode = FALSE
	EndGlobalSection
	GlobalSection(ExtensibilityGlobals) = postSolution
		SolutionGuid = {BB86EE9B-D989-4D85-A41E-5DD755A5709C}
	EndGlobalSection
EndGlobal
